
Microsoft Visual Studio Solution File, Format Version 12.00
# Visual Studio Version 16
VisualStudioVersion = 16.0.32413.511
MinimumVisualStudioVersion = 10.0.40219.1
Project("{FAE04EC0-301F-11D3-BF4B-00C04F79EFBC}") = "QuanLyNhaHang", "QuanLyNhaHang.csproj", "{7A633A5E-E35D-45F7-896D-4CBB3DC01D7C}"
EndProject
Global
	GlobalSection(SolutionConfigurationPlatforms) = preSolution
		Debug|Any CPU = Debug|Any CPU
		Release|Any CPU = Release|Any CPU
	EndGlobalSection
	GlobalSection(ProjectConfigurationPlatforms) = postSolution
		{7A633A5E-E35D-45F7-896D-4CBB3DC01D7C}.Debug|Any CPU.ActiveCfg = Debug|Any CPU
		{7A633A5E-E35D-45F7-896D-4CBB3DC01D7C}.Debug|Any CPU.Build.0 = Debug|Any CPU
		{7A633A5E-E35D-45F7-896D-4CBB3DC01D7C}.Release|Any CPU.ActiveCfg = Release|Any CPU
		{7A633A5E-E35D-45F7-896D-4CBB3DC01D7C}.Release|Any CPU.Build.0 = Release|Any CPU
	EndGlobalSection
	GlobalSection(SolutionProperties) = preSolution
		HideSolutionNode = FALSE
	EndGlobalSection
	GlobalSection(ExtensibilityGlobals) = postSolution
		SolutionGuid = {4935C28A-2C69-4E51-A99B-4CB244B0C52F}
	EndGlobalSection
EndGlobal
